
Microsoft Visual Studio Solution File, Format Version 12.00
# Visual Studio Version 17
VisualStudioVersion = 17.7.34031.279
MinimumVisualStudioVersion = 10.0.40219.1
Project("{FAE04EC0-301F-11D3-BF4B-00C04F79EFBC}") = "solodkaya.lab_6.2", "solodkaya.lab_6.2\solodkaya.lab_6.2.csproj", "{764E1EE0-0DBF-413B-8AE6-69746EB3D643}"
EndProject
Global
	GlobalSection(SolutionConfigurationPlatforms) = preSolution
		Debug|Any CPU = Debug|Any CPU
		Release|Any CPU = Release|Any CPU
	EndGlobalSection
	GlobalSection(ProjectConfigurationPlatforms) = postSolution
		{764E1EE0-0DBF-413B-8AE6-69746EB3D643}.Debug|Any CPU.ActiveCfg = Debug|Any CPU
		{764E1EE0-0DBF-413B-8AE6-69746EB3D643}.Debug|Any CPU.Build.0 = Debug|Any CPU
		{764E1EE0-0DBF-413B-8AE6-69746EB3D643}.Release|Any CPU.ActiveCfg = Release|Any CPU
		{764E1EE0-0DBF-413B-8AE6-69746EB3D643}.Release|Any CPU.Build.0 = Release|Any CPU
	EndGlobalSection
	GlobalSection(SolutionProperties) = preSolution
		HideSolutionNode = FALSE
	EndGlobalSection
	GlobalSection(ExtensibilityGlobals) = postSolution
		SolutionGuid = {91D0C869-A789-4D37-95A9-BCF4A5732B80}
	EndGlobalSection
EndGlobal
